
Microsoft Visual Studio Solution File, Format Version 12.00
# Visual Studio Version 17
VisualStudioVersion = 17.3.32929.385
MinimumVisualStudioVersion = 10.0.40219.1
Project("{9A19103F-16F7-4668-BE54-9A1E7A4F7556}") = "FirstBlazorApp", "FirstBlazorApp\FirstBlazorApp.csproj", "{39466E32-C3E6-457B-8F65-408B788FF674}"
EndProject
Global
	GlobalSection(SolutionConfigurationPlatforms) = preSolution
		Debug|Any CPU = Debug|Any CPU
		Release|Any CPU = Release|Any CPU
	EndGlobalSection
	GlobalSection(ProjectConfigurationPlatforms) = postSolution
		{39466E32-C3E6-457B-8F65-408B788FF674}.Debug|Any CPU.ActiveCfg = Debug|Any CPU
		{39466E32-C3E6-457B-8F65-408B788FF674}.Debug|Any CPU.Build.0 = Debug|Any CPU
		{39466E32-C3E6-457B-8F65-408B788FF674}.Release|Any CPU.ActiveCfg = Release|Any CPU
		{39466E32-C3E6-457B-8F65-408B788FF674}.Release|Any CPU.Build.0 = Release|Any CPU
	EndGlobalSection
	GlobalSection(SolutionProperties) = preSolution
		HideSolutionNode = FALSE
	EndGlobalSection
	GlobalSection(ExtensibilityGlobals) = postSolution
		SolutionGuid = {AAA4E80C-F6AF-416C-BD2C-458333C89DB8}
	EndGlobalSection
EndGlobal
